
Microsoft Visual Studio Solution File, Format Version 12.00
# Visual Studio Version 16
VisualStudioVersion = 16.0.32407.337
MinimumVisualStudioVersion = 10.0.40219.1
Project("{2150E333-8FDC-42A3-9474-1A3956D46DE8}") = "Services", "Services", "{B7356F89-9D4E-4E9E-9982-A05E497F4729}"
EndProject
Project("{2150E333-8FDC-42A3-9474-1A3956D46DE8}") = "Catalog", "Catalog", "{A0892DAC-069D-4E1D-B5FC-2E2448EF4668}"
EndProject
Project("{9A19103F-16F7-4668-BE54-9A1E7A4F7556}") = "Catalog.API", "Services\Catalog\Catalog.API\Catalog.API.csproj", "{4B2621BE-D396-467E-921F-28C81BC95133}"
EndProject
Project("{E53339B2-1760-4266-BCC7-CA923CBCF16C}") = "docker-compose", "docker-compose.dcproj", "{CE635B63-A09B-4BEC-8AFC-E6F7D58410B7}"
EndProject
Project("{2150E333-8FDC-42A3-9474-1A3956D46DE8}") = "ProjectNotes", "ProjectNotes", "{DFC2FB2C-A897-4E40-B205-0E9B0AA09C79}"
	ProjectSection(SolutionItems) = preProject
		ProjectNotes\docker-notes.txt = ProjectNotes\docker-notes.txt
	EndProjectSection
EndProject
Project("{2150E333-8FDC-42A3-9474-1A3956D46DE8}") = "Basket", "Basket", "{0011F7B2-A0D2-467E-BB90-478B7CD4F756}"
EndProject
Project("{9A19103F-16F7-4668-BE54-9A1E7A4F7556}") = "Basket.API", "Services\Basket\Basket.API\Basket.API.csproj", "{603C93CE-7DAD-408F-B5B1-732C7ABA546F}"
EndProject
Project("{2150E333-8FDC-42A3-9474-1A3956D46DE8}") = "Discount", "Discount", "{E5DF1ECC-326A-48D4-988E-3E010A9C63D6}"
EndProject
Project("{9A19103F-16F7-4668-BE54-9A1E7A4F7556}") = "Discount.API", "Services\Discount\Discount.API\Discount.API.csproj", "{700AF6BC-51E5-4F5D-99D0-28A9ED2990E9}"
EndProject
Project("{9A19103F-16F7-4668-BE54-9A1E7A4F7556}") = "Discount.Grpc", "Services\Discount\Discount.Grpc\Discount.Grpc.csproj", "{9FF3B32C-59F6-474C-B3F8-36EF3D83CE17}"
EndProject
Project("{2150E333-8FDC-42A3-9474-1A3956D46DE8}") = "Ordering", "Ordering", "{817C0A2E-1385-4719-A311-A3989EEB77AE}"
EndProject
Project("{9A19103F-16F7-4668-BE54-9A1E7A4F7556}") = "Ordering.API", "Services\Ordering\Ordering.API\Ordering.API.csproj", "{B52386BC-1A20-47F7-A4B1-D5A0BE20D5B9}"
EndProject
Project("{9A19103F-16F7-4668-BE54-9A1E7A4F7556}") = "Ordering.Domain", "Services\Ordering\Ordering.Domain\Ordering.Domain.csproj", "{AD2CA22A-1BB1-4CF3-8FF2-B54C6EFF3666}"
EndProject
Project("{9A19103F-16F7-4668-BE54-9A1E7A4F7556}") = "Ordering.Application", "Services\Ordering\Ordering.Application\Ordering.Application.csproj", "{9013EFE4-464E-4F1E-AF45-ED7F265D78B3}"
EndProject
Project("{9A19103F-16F7-4668-BE54-9A1E7A4F7556}") = "Ordering.Infrastructure", "Services\Ordering\Ordering.Infrastructure\Ordering.Infrastructure.csproj", "{6C634C2B-58FB-4133-A7C2-8901149E8DEB}"
EndProject
Project("{2150E333-8FDC-42A3-9474-1A3956D46DE8}") = "BuildingBlocks", "BuildingBlocks", "{74BFCB13-A5FC-4C46-9EEC-533EEA1ED56E}"
EndProject
Project("{9A19103F-16F7-4668-BE54-9A1E7A4F7556}") = "EventBus.Messages", "BuildingBlocks\EventBus.Messages\EventBus.Messages.csproj", "{B3328FDE-2106-41CC-9FEC-24ACFB4CCC60}"
EndProject
Project("{2150E333-8FDC-42A3-9474-1A3956D46DE8}") = "ApiGateways", "ApiGateways", "{F4E0D10F-8A69-4A51-892C-1F43E526B819}"
EndProject
Project("{9A19103F-16F7-4668-BE54-9A1E7A4F7556}") = "OcelotApiGw", "ApiGateways\OcelotApiGw\OcelotApiGw.csproj", "{88641D2E-6489-41B3-8BB6-0B5A904A2C56}"
EndProject
Project("{9A19103F-16F7-4668-BE54-9A1E7A4F7556}") = "Shopping.Aggregator", "ApiGateways\Shopping.Aggregator\Shopping.Aggregator.csproj", "{046C66D7-1AA5-4295-B543-935C587A381E}"
EndProject
Project("{2150E333-8FDC-42A3-9474-1A3956D46DE8}") = "WebApps", "WebApps", "{F2AD6A6A-C82B-4CAE-A20C-329109D3C3D5}"
EndProject
Project("{9A19103F-16F7-4668-BE54-9A1E7A4F7556}") = "AspnetRunBasics", "WebApps\AspnetRunBasics\AspnetRunBasics.csproj", "{EDFB0F3E-C00F-436E-A809-934CFA1C974C}"
EndProject
Project("{FAE04EC0-301F-11D3-BF4B-00C04F79EFBC}") = "Common.Logging", "BuildingBlocks\Common.Logging\Common.Logging.csproj", "{49EB858F-FF86-43EF-968B-AB25D67C59CC}"
EndProject
Global
	GlobalSection(SolutionConfigurationPlatforms) = preSolution
		Debug|Any CPU = Debug|Any CPU
		Release|Any CPU = Release|Any CPU
	EndGlobalSection
	GlobalSection(ProjectConfigurationPlatforms) = postSolution
		{4B2621BE-D396-467E-921F-28C81BC95133}.Debug|Any CPU.ActiveCfg = Debug|Any CPU
		{4B2621BE-D396-467E-921F-28C81BC95133}.Debug|Any CPU.Build.0 = Debug|Any CPU
		{4B2621BE-D396-467E-921F-28C81BC95133}.Release|Any CPU.ActiveCfg = Release|Any CPU
		{4B2621BE-D396-467E-921F-28C81BC95133}.Release|Any CPU.Build.0 = Release|Any CPU
		{CE635B63-A09B-4BEC-8AFC-E6F7D58410B7}.Debug|Any CPU.ActiveCfg = Debug|Any CPU
		{CE635B63-A09B-4BEC-8AFC-E6F7D58410B7}.Debug|Any CPU.Build.0 = Debug|Any CPU
		{CE635B63-A09B-4BEC-8AFC-E6F7D58410B7}.Release|Any CPU.ActiveCfg = Release|Any CPU
		{CE635B63-A09B-4BEC-8AFC-E6F7D58410B7}.Release|Any CPU.Build.0 = Release|Any CPU
		{603C93CE-7DAD-408F-B5B1-732C7ABA546F}.Debug|Any CPU.ActiveCfg = Debug|Any CPU
		{603C93CE-7DAD-408F-B5B1-732C7ABA546F}.Debug|Any CPU.Build.0 = Debug|Any CPU
		{603C93CE-7DAD-408F-B5B1-732C7ABA546F}.Release|Any CPU.ActiveCfg = Release|Any CPU
		{603C93CE-7DAD-408F-B5B1-732C7ABA546F}.Release|Any CPU.Build.0 = Release|Any CPU
		{700AF6BC-51E5-4F5D-99D0-28A9ED2990E9}.Debug|Any CPU.ActiveCfg = Debug|Any CPU
		{700AF6BC-51E5-4F5D-99D0-28A9ED2990E9}.Debug|Any CPU.Build.0 = Debug|Any CPU
		{700AF6BC-51E5-4F5D-99D0-28A9ED2990E9}.Release|Any CPU.ActiveCfg = Release|Any CPU
		{700AF6BC-51E5-4F5D-99D0-28A9ED2990E9}.Release|Any CPU.Build.0 = Release|Any CPU
		{9FF3B32C-59F6-474C-B3F8-36EF3D83CE17}.Debug|Any CPU.ActiveCfg = Debug|Any CPU
		{9FF3B32C-59F6-474C-B3F8-36EF3D83CE17}.Debug|Any CPU.Build.0 = Debug|Any CPU
		{9FF3B32C-59F6-474C-B3F8-36EF3D83CE17}.Release|Any CPU.ActiveCfg = Release|Any CPU
		{9FF3B32C-59F6-474C-B3F8-36EF3D83CE17}.Release|Any CPU.Build.0 = Release|Any CPU
		{B52386BC-1A20-47F7-A4B1-D5A0BE20D5B9}.Debug|Any CPU.ActiveCfg = Debug|Any CPU
		{B52386BC-1A20-47F7-A4B1-D5A0BE20D5B9}.Debug|Any CPU.Build.0 = Debug|Any CPU
		{B52386BC-1A20-47F7-A4B1-D5A0BE20D5B9}.Release|Any CPU.ActiveCfg = Release|Any CPU
		{B52386BC-1A20-47F7-A4B1-D5A0BE20D5B9}.Release|Any CPU.Build.0 = Release|Any CPU
		{AD2CA22A-1BB1-4CF3-8FF2-B54C6EFF3666}.Debug|Any CPU.ActiveCfg = Debug|Any CPU
		{AD2CA22A-1BB1-4CF3-8FF2-B54C6EFF3666}.Debug|Any CPU.Build.0 = Debug|Any CPU
		{AD2CA22A-1BB1-4CF3-8FF2-B54C6EFF3666}.Release|Any CPU.ActiveCfg = Release|Any CPU
		{AD2CA22A-1BB1-4CF3-8FF2-B54C6EFF3666}.Release|Any CPU.Build.0 = Release|Any CPU
		{9013EFE4-464E-4F1E-AF45-ED7F265D78B3}.Debug|Any CPU.ActiveCfg = Debug|Any CPU
		{9013EFE4-464E-4F1E-AF45-ED7F265D78B3}.Debug|Any CPU.Build.0 = Debug|Any CPU
		{9013EFE4-464E-4F1E-AF45-ED7F265D78B3}.Release|Any CPU.ActiveCfg = Release|Any CPU
		{9013EFE4-464E-4F1E-AF45-ED7F265D78B3}.Release|Any CPU.Build.0 = Release|Any CPU
		{6C634C2B-58FB-4133-A7C2-8901149E8DEB}.Debug|Any CPU.ActiveCfg = Debug|Any CPU
		{6C634C2B-58FB-4133-A7C2-8901149E8DEB}.Debug|Any CPU.Build.0 = Debug|Any CPU
		{6C634C2B-58FB-4133-A7C2-8901149E8DEB}.Release|Any CPU.ActiveCfg = Release|Any CPU
		{6C634C2B-58FB-4133-A7C2-8901149E8DEB}.Release|Any CPU.Build.0 = Release|Any CPU
		{B3328FDE-2106-41CC-9FEC-24ACFB4CCC60}.Debug|Any CPU.ActiveCfg = Debug|Any CPU
		{B3328FDE-2106-41CC-9FEC-24ACFB4CCC60}.Debug|Any CPU.Build.0 = Debug|Any CPU
		{B3328FDE-2106-41CC-9FEC-24ACFB4CCC60}.Release|Any CPU.ActiveCfg = Release|Any CPU
		{B3328FDE-2106-41CC-9FEC-24ACFB4CCC60}.Release|Any CPU.Build.0 = Release|Any CPU
		{88641D2E-6489-41B3-8BB6-0B5A904A2C56}.Debug|Any CPU.ActiveCfg = Debug|Any CPU
		{88641D2E-6489-41B3-8BB6-0B5A904A2C56}.Debug|Any CPU.Build.0 = Debug|Any CPU
		{88641D2E-6489-41B3-8BB6-0B5A904A2C56}.Release|Any CPU.ActiveCfg = Release|Any CPU
		{88641D2E-6489-41B3-8BB6-0B5A904A2C56}.Release|Any CPU.Build.0 = Release|Any CPU
		{046C66D7-1AA5-4295-B543-935C587A381E}.Debug|Any CPU.ActiveCfg = Debug|Any CPU
		{046C66D7-1AA5-4295-B543-935C587A381E}.Debug|Any CPU.Build.0 = Debug|Any CPU
		{046C66D7-1AA5-4295-B543-935C587A381E}.Release|Any CPU.ActiveCfg = Release|Any CPU
		{046C66D7-1AA5-4295-B543-935C587A381E}.Release|Any CPU.Build.0 = Release|Any CPU
		{EDFB0F3E-C00F-436E-A809-934CFA1C974C}.Debug|Any CPU.ActiveCfg = Debug|Any CPU
		{EDFB0F3E-C00F-436E-A809-934CFA1C974C}.Debug|Any CPU.Build.0 = Debug|Any CPU
		{EDFB0F3E-C00F-436E-A809-934CFA1C974C}.Release|Any CPU.ActiveCfg = Release|Any CPU
		{EDFB0F3E-C00F-436E-A809-934CFA1C974C}.Release|Any CPU.Build.0 = Release|Any CPU
		{49EB858F-FF86-43EF-968B-AB25D67C59CC}.Debug|Any CPU.ActiveCfg = Debug|Any CPU
		{49EB858F-FF86-43EF-968B-AB25D67C59CC}.Debug|Any CPU.Build.0 = Debug|Any CPU
		{49EB858F-FF86-43EF-968B-AB25D67C59CC}.Release|Any CPU.ActiveCfg = Release|Any CPU
		{49EB858F-FF86-43EF-968B-AB25D67C59CC}.Release|Any CPU.Build.0 = Release|Any CPU
	EndGlobalSection
	GlobalSection(SolutionProperties) = preSolution
		HideSolutionNode = FALSE
	EndGlobalSection
	GlobalSection(NestedProjects) = preSolution
		{A0892DAC-069D-4E1D-B5FC-2E2448EF4668} = {B7356F89-9D4E-4E9E-9982-A05E497F4729}
		{4B2621BE-D396-467E-921F-28C81BC95133} = {A0892DAC-069D-4E1D-B5FC-2E2448EF4668}
		{0011F7B2-A0D2-467E-BB90-478B7CD4F756} = {B7356F89-9D4E-4E9E-9982-A05E497F4729}
		{603C93CE-7DAD-408F-B5B1-732C7ABA546F} = {0011F7B2-A0D2-467E-BB90-478B7CD4F756}
		{E5DF1ECC-326A-48D4-988E-3E010A9C63D6} = {B7356F89-9D4E-4E9E-9982-A05E497F4729}
		{700AF6BC-51E5-4F5D-99D0-28A9ED2990E9} = {E5DF1ECC-326A-48D4-988E-3E010A9C63D6}
		{9FF3B32C-59F6-474C-B3F8-36EF3D83CE17} = {E5DF1ECC-326A-48D4-988E-3E010A9C63D6}
		{817C0A2E-1385-4719-A311-A3989EEB77AE} = {B7356F89-9D4E-4E9E-9982-A05E497F4729}
		{B52386BC-1A20-47F7-A4B1-D5A0BE20D5B9} = {817C0A2E-1385-4719-A311-A3989EEB77AE}
		{AD2CA22A-1BB1-4CF3-8FF2-B54C6EFF3666} = {817C0A2E-1385-4719-A311-A3989EEB77AE}
		{9013EFE4-464E-4F1E-AF45-ED7F265D78B3} = {817C0A2E-1385-4719-A311-A3989EEB77AE}
		{6C634C2B-58FB-4133-A7C2-8901149E8DEB} = {817C0A2E-1385-4719-A311-A3989EEB77AE}
		{B3328FDE-2106-41CC-9FEC-24ACFB4CCC60} = {74BFCB13-A5FC-4C46-9EEC-533EEA1ED56E}
		{88641D2E-6489-41B3-8BB6-0B5A904A2C56} = {F4E0D10F-8A69-4A51-892C-1F43E526B819}
		{046C66D7-1AA5-4295-B543-935C587A381E} = {F4E0D10F-8A69-4A51-892C-1F43E526B819}
		{EDFB0F3E-C00F-436E-A809-934CFA1C974C} = {F2AD6A6A-C82B-4CAE-A20C-329109D3C3D5}
		{49EB858F-FF86-43EF-968B-AB25D67C59CC} = {74BFCB13-A5FC-4C46-9EEC-533EEA1ED56E}
	EndGlobalSection
	GlobalSection(ExtensibilityGlobals) = postSolution
		SolutionGuid = {22DE7DA8-EEDE-4544-8646-264FE8799D75}
	EndGlobalSection
EndGlobal
