
Microsoft Visual Studio Solution File, Format Version 12.00
# Visual Studio Version 16
VisualStudioVersion = 16.0.32407.337
MinimumVisualStudioVersion = 10.0.40219.1
Project("{2150E333-8FDC-42A3-9474-1A3956D46DE8}") = "Services", "Services", "{B7356F89-9D4E-4E9E-9982-A05E497F4729}"
EndProject
Project("{2150E333-8FDC-42A3-9474-1A3956D46DE8}") = "Catalog", "Catalog", "{A0892DAC-069D-4E1D-B5FC-2E2448EF4668}"
EndProject
Project("{9A19103F-16F7-4668-BE54-9A1E7A4F7556}") = "Catalog.API", "Services\Catalog\Catalog.API\Catalog.API.csproj", "{4B2621BE-D396-467E-921F-28C81BC95133}"
EndProject
Project("{E53339B2-1760-4266-BCC7-CA923CBCF16C}") = "docker-compose", "docker-compose.dcproj", "{CE635B63-A09B-4BEC-8AFC-E6F7D58410B7}"
EndProject
Project("{2150E333-8FDC-42A3-9474-1A3956D46DE8}") = "ProjectNotes", "ProjectNotes", "{DFC2FB2C-A897-4E40-B205-0E9B0AA09C79}"
	ProjectSection(SolutionItems) = preProject
		ProjectNotes\docker-notes.txt = ProjectNotes\docker-notes.txt
	EndProjectSection
EndProject
Global
	GlobalSection(SolutionConfigurationPlatforms) = preSolution
		Debug|Any CPU = Debug|Any CPU
		Release|Any CPU = Release|Any CPU
	EndGlobalSection
	GlobalSection(ProjectConfigurationPlatforms) = postSolution
		{4B2621BE-D396-467E-921F-28C81BC95133}.Debug|Any CPU.ActiveCfg = Debug|Any CPU
		{4B2621BE-D396-467E-921F-28C81BC95133}.Debug|Any CPU.Build.0 = Debug|Any CPU
		{4B2621BE-D396-467E-921F-28C81BC95133}.Release|Any CPU.ActiveCfg = Release|Any CPU
		{4B2621BE-D396-467E-921F-28C81BC95133}.Release|Any CPU.Build.0 = Release|Any CPU
		{CE635B63-A09B-4BEC-8AFC-E6F7D58410B7}.Debug|Any CPU.ActiveCfg = Debug|Any CPU
		{CE635B63-A09B-4BEC-8AFC-E6F7D58410B7}.Debug|Any CPU.Build.0 = Debug|Any CPU
		{CE635B63-A09B-4BEC-8AFC-E6F7D58410B7}.Release|Any CPU.ActiveCfg = Release|Any CPU
		{CE635B63-A09B-4BEC-8AFC-E6F7D58410B7}.Release|Any CPU.Build.0 = Release|Any CPU
	EndGlobalSection
	GlobalSection(SolutionProperties) = preSolution
		HideSolutionNode = FALSE
	EndGlobalSection
	GlobalSection(NestedProjects) = preSolution
		{A0892DAC-069D-4E1D-B5FC-2E2448EF4668} = {B7356F89-9D4E-4E9E-9982-A05E497F4729}
		{4B2621BE-D396-467E-921F-28C81BC95133} = {A0892DAC-069D-4E1D-B5FC-2E2448EF4668}
	EndGlobalSection
	GlobalSection(ExtensibilityGlobals) = postSolution
		SolutionGuid = {22DE7DA8-EEDE-4544-8646-264FE8799D75}
	EndGlobalSection
EndGlobal
